
Microsoft Visual Studio Solution File, Format Version 12.00
# Visual Studio Version 16
VisualStudioVersion = 16.0.30413.136
MinimumVisualStudioVersion = 10.0.40219.1
Project("{FAE04EC0-301F-11D3-BF4B-00C04F79EFBC}") = "whizlab-git", "whizlab-git\whizlab-git.csproj", "{22C3F4B3-AD48-4235-BB8F-DE2B91002517}"
EndProject
Global
	GlobalSection(SolutionConfigurationPlatforms) = preSolution
		Debug|Any CPU = Debug|Any CPU
		Release|Any CPU = Release|Any CPU
	EndGlobalSection
	GlobalSection(ProjectConfigurationPlatforms) = postSolution
		{22C3F4B3-AD48-4235-BB8F-DE2B91002517}.Debug|Any CPU.ActiveCfg = Debug|Any CPU
		{22C3F4B3-AD48-4235-BB8F-DE2B91002517}.Debug|Any CPU.Build.0 = Debug|Any CPU
		{22C3F4B3-AD48-4235-BB8F-DE2B91002517}.Release|Any CPU.ActiveCfg = Release|Any CPU
		{22C3F4B3-AD48-4235-BB8F-DE2B91002517}.Release|Any CPU.Build.0 = Release|Any CPU
	EndGlobalSection
	GlobalSection(SolutionProperties) = preSolution
		HideSolutionNode = FALSE
	EndGlobalSection
	GlobalSection(ExtensibilityGlobals) = postSolution
		SolutionGuid = {0A3660E0-B75D-477A-9DE3-94AB77D76E71}
	EndGlobalSection
EndGlobal
